// !$*UTF8*$!
{
	archiveVersion = 1;
	classes = {
	};
	objectVersion = 50;
	objects = {

/* Begin PBXBuildFile section */
		CBF78C612394392000CE7E8A /* AppDelegate.swift in Sources */ = {isa = PBXBuildFile; fileRef = CBF78C602394392000CE7E8A /* AppDelegate.swift */; };
		CBF78C632394392000CE7E8A /* ViewController.swift in Sources */ = {isa = PBXBuildFile; fileRef = CBF78C622394392000CE7E8A /* ViewController.swift */; };
		CBF78C682394392000CE7E8A /* Assets.xcassets in Resources */ = {isa = PBXBuildFile; fileRef = CBF78C672394392000CE7E8A /* Assets.xcassets */; };
		CBF78C6B2394392000CE7E8A /* LaunchScreen.storyboard in Resources */ = {isa = PBXBuildFile; fileRef = CBF78C692394392000CE7E8A /* LaunchScreen.storyboard */; };
		CBF78C9B2395964100CE7E8A /* EventsTests.swift in Sources */ = {isa = PBXBuildFile; fileRef = CBF78C9A2395964100CE7E8A /* EventsTests.swift */; };
		CBF78CA423982D2000CE7E8A /* AutoMockable.swift in Sources */ = {isa = PBXBuildFile; fileRef = CBF78CA323982D2000CE7E8A /* AutoMockable.swift */; };
		CBF78CAD2398363100CE7E8A /* Assembly.swift in Sources */ = {isa = PBXBuildFile; fileRef = CBF78CAC2398363100CE7E8A /* Assembly.swift */; };
		CBF78CB52398383D00CE7E8A /* Swinject.framework in Frameworks */ = {isa = PBXBuildFile; fileRef = CBF78CB3239837DA00CE7E8A /* Swinject.framework */; };
		CBF78CB62398383D00CE7E8A /* Swinject.framework in Embed Frameworks */ = {isa = PBXBuildFile; fileRef = CBF78CB3239837DA00CE7E8A /* Swinject.framework */; settings = {ATTRIBUTES = (CodeSignOnCopy, RemoveHeadersOnCopy, ); }; };
		CBF78CB823983B1A00CE7E8A /* AutoMockable.generated.swift in Sources */ = {isa = PBXBuildFile; fileRef = CBF78CB723983B1A00CE7E8A /* AutoMockable.generated.swift */; };
/* End PBXBuildFile section */

/* Begin PBXContainerItemProxy section */
		CBF78C9D2395964100CE7E8A /* PBXContainerItemProxy */ = {
			isa = PBXContainerItemProxy;
			containerPortal = CBF78C552394392000CE7E8A /* Project object */;
			proxyType = 1;
			remoteGlobalIDString = CBF78C5C2394392000CE7E8A;
			remoteInfo = Events;
		};
/* End PBXContainerItemProxy section */

/* Begin PBXCopyFilesBuildPhase section */
		CBF78CB12398374B00CE7E8A /* Embed Frameworks */ = {
			isa = PBXCopyFilesBuildPhase;
			buildActionMask = 2147483647;
			dstPath = "";
			dstSubfolderSpec = 10;
			files = (
				CBF78CB62398383D00CE7E8A /* Swinject.framework in Embed Frameworks */,
			);
			name = "Embed Frameworks";
			runOnlyForDeploymentPostprocessing = 0;
		};
/* End PBXCopyFilesBuildPhase section */

/* Begin PBXFileReference section */
		CBF78C5D2394392000CE7E8A /* Events.app */ = {isa = PBXFileReference; explicitFileType = wrapper.application; includeInIndex = 0; path = Events.app; sourceTree = BUILT_PRODUCTS_DIR; };
		CBF78C602394392000CE7E8A /* AppDelegate.swift */ = {isa = PBXFileReference; lastKnownFileType = sourcecode.swift; path = AppDelegate.swift; sourceTree = "<group>"; };
		CBF78C622394392000CE7E8A /* ViewController.swift */ = {isa = PBXFileReference; lastKnownFileType = sourcecode.swift; path = ViewController.swift; sourceTree = "<group>"; };
		CBF78C672394392000CE7E8A /* Assets.xcassets */ = {isa = PBXFileReference; lastKnownFileType = folder.assetcatalog; path = Assets.xcassets; sourceTree = "<group>"; };
		CBF78C6A2394392000CE7E8A /* Base */ = {isa = PBXFileReference; lastKnownFileType = file.storyboard; name = Base; path = Base.lproj/LaunchScreen.storyboard; sourceTree = "<group>"; };
		CBF78C6C2394392000CE7E8A /* Info.plist */ = {isa = PBXFileReference; lastKnownFileType = text.plist.xml; path = Info.plist; sourceTree = "<group>"; };
		CBF78C982395964100CE7E8A /* EventsTests.xctest */ = {isa = PBXFileReference; explicitFileType = wrapper.cfbundle; includeInIndex = 0; path = EventsTests.xctest; sourceTree = BUILT_PRODUCTS_DIR; };
		CBF78C9A2395964100CE7E8A /* EventsTests.swift */ = {isa = PBXFileReference; lastKnownFileType = sourcecode.swift; path = EventsTests.swift; sourceTree = "<group>"; };
		CBF78C9C2395964100CE7E8A /* Info.plist */ = {isa = PBXFileReference; lastKnownFileType = text.plist.xml; path = Info.plist; sourceTree = "<group>"; };
		CBF78CA323982D2000CE7E8A /* AutoMockable.swift */ = {isa = PBXFileReference; lastKnownFileType = sourcecode.swift; path = AutoMockable.swift; sourceTree = "<group>"; };
		CBF78CAC2398363100CE7E8A /* Assembly.swift */ = {isa = PBXFileReference; lastKnownFileType = sourcecode.swift; path = Assembly.swift; sourceTree = "<group>"; };
		CBF78CB3239837DA00CE7E8A /* Swinject.framework */ = {isa = PBXFileReference; lastKnownFileType = wrapper.framework; name = Swinject.framework; path = Carthage/Build/iOS/Swinject.framework; sourceTree = "<group>"; };
		CBF78CB723983B1A00CE7E8A /* AutoMockable.generated.swift */ = {isa = PBXFileReference; fileEncoding = 4; lastKnownFileType = sourcecode.swift; path = AutoMockable.generated.swift; sourceTree = "<group>"; };
/* End PBXFileReference section */

/* Begin PBXFrameworksBuildPhase section */
		CBF78C5A2394392000CE7E8A /* Frameworks */ = {
			isa = PBXFrameworksBuildPhase;
			buildActionMask = 2147483647;
			files = (
				CBF78CB52398383D00CE7E8A /* Swinject.framework in Frameworks */,
			);
			runOnlyForDeploymentPostprocessing = 0;
		};
		CBF78C952395964100CE7E8A /* Frameworks */ = {
			isa = PBXFrameworksBuildPhase;
			buildActionMask = 2147483647;
			files = (
			);
			runOnlyForDeploymentPostprocessing = 0;
		};
/* End PBXFrameworksBuildPhase section */

/* Begin PBXGroup section */
		CBF78C542394392000CE7E8A = {
			isa = PBXGroup;
			children = (
				CBF78C5F2394392000CE7E8A /* Events */,
				CBF78C992395964100CE7E8A /* EventsTests */,
				CBF78C5E2394392000CE7E8A /* Products */,
				CBF78CB2239837DA00CE7E8A /* Frameworks */,
			);
			sourceTree = "<group>";
		};
		CBF78C5E2394392000CE7E8A /* Products */ = {
			isa = PBXGroup;
			children = (
				CBF78C5D2394392000CE7E8A /* Events.app */,
				CBF78C982395964100CE7E8A /* EventsTests.xctest */,
			);
			name = Products;
			sourceTree = "<group>";
		};
		CBF78C5F2394392000CE7E8A /* Events */ = {
			isa = PBXGroup;
			children = (
				CBF78C602394392000CE7E8A /* AppDelegate.swift */,
				CBF78C622394392000CE7E8A /* ViewController.swift */,
				CBF78C672394392000CE7E8A /* Assets.xcassets */,
				CBF78C692394392000CE7E8A /* LaunchScreen.storyboard */,
				CBF78C6C2394392000CE7E8A /* Info.plist */,
				CBF78CA323982D2000CE7E8A /* AutoMockable.swift */,
				CBF78CAC2398363100CE7E8A /* Assembly.swift */,
			);
			path = Events;
			sourceTree = "<group>";
		};
		CBF78C992395964100CE7E8A /* EventsTests */ = {
			isa = PBXGroup;
			children = (
				CBF78CB723983B1A00CE7E8A /* AutoMockable.generated.swift */,
				CBF78C9A2395964100CE7E8A /* EventsTests.swift */,
				CBF78C9C2395964100CE7E8A /* Info.plist */,
			);
			path = EventsTests;
			sourceTree = "<group>";
		};
		CBF78CB2239837DA00CE7E8A /* Frameworks */ = {
			isa = PBXGroup;
			children = (
				CBF78CB3239837DA00CE7E8A /* Swinject.framework */,
			);
			name = Frameworks;
			sourceTree = "<group>";
		};
/* End PBXGroup section */

/* Begin PBXNativeTarget section */
		CBF78C5C2394392000CE7E8A /* Events */ = {
			isa = PBXNativeTarget;
			buildConfigurationList = CBF78C6F2394392000CE7E8A /* Build configuration list for PBXNativeTarget "Events" */;
			buildPhases = (
				CBF78C592394392000CE7E8A /* Sources */,
				CBF78C5A2394392000CE7E8A /* Frameworks */,
				CBF78C5B2394392000CE7E8A /* Resources */,
				CBF78C8A239454B800CE7E8A /* Run SwiftLint */,
				CBF78CAB239834E600CE7E8A /* Prune AutoGenerated Files */,
				CBF78CB12398374B00CE7E8A /* Embed Frameworks */,
			);
			buildRules = (
			);
			dependencies = (
			);
			name = Events;
			productName = Events;
			productReference = CBF78C5D2394392000CE7E8A /* Events.app */;
			productType = "com.apple.product-type.application";
		};
		CBF78C972395964100CE7E8A /* EventsTests */ = {
			isa = PBXNativeTarget;
			buildConfigurationList = CBF78CA12395964100CE7E8A /* Build configuration list for PBXNativeTarget "EventsTests" */;
			buildPhases = (
				CBF78CA2239829A700CE7E8A /* Generated AutoMockable */,
				CBF78C942395964100CE7E8A /* Sources */,
				CBF78C952395964100CE7E8A /* Frameworks */,
				CBF78C962395964100CE7E8A /* Resources */,
			);
			buildRules = (
			);
			dependencies = (
				CBF78C9E2395964100CE7E8A /* PBXTargetDependency */,
			);
			name = EventsTests;
			productName = EventsTests;
			productReference = CBF78C982395964100CE7E8A /* EventsTests.xctest */;
			productType = "com.apple.product-type.bundle.unit-test";
		};
/* End PBXNativeTarget section */

/* Begin PBXProject section */
		CBF78C552394392000CE7E8A /* Project object */ = {
			isa = PBXProject;
			attributes = {
				LastSwiftUpdateCheck = 1020;
				LastUpgradeCheck = 1020;
				ORGANIZATIONNAME = "Vladislav Usachev";
				TargetAttributes = {
					CBF78C5C2394392000CE7E8A = {
						CreatedOnToolsVersion = 10.2.1;
					};
					CBF78C972395964100CE7E8A = {
						CreatedOnToolsVersion = 10.2.1;
						TestTargetID = CBF78C5C2394392000CE7E8A;
					};
				};
			};
			buildConfigurationList = CBF78C582394392000CE7E8A /* Build configuration list for PBXProject "Events" */;
			compatibilityVersion = "Xcode 9.3";
			developmentRegion = en;
			hasScannedForEncodings = 0;
			knownRegions = (
				en,
				Base,
			);
			mainGroup = CBF78C542394392000CE7E8A;
			productRefGroup = CBF78C5E2394392000CE7E8A /* Products */;
			projectDirPath = "";
			projectRoot = "";
			targets = (
				CBF78C5C2394392000CE7E8A /* Events */,
				CBF78C972395964100CE7E8A /* EventsTests */,
			);
		};
/* End PBXProject section */

/* Begin PBXResourcesBuildPhase section */
		CBF78C5B2394392000CE7E8A /* Resources */ = {
			isa = PBXResourcesBuildPhase;
			buildActionMask = 2147483647;
			files = (
				CBF78C6B2394392000CE7E8A /* LaunchScreen.storyboard in Resources */,
				CBF78C682394392000CE7E8A /* Assets.xcassets in Resources */,
			);
			runOnlyForDeploymentPostprocessing = 0;
		};
		CBF78C962395964100CE7E8A /* Resources */ = {
			isa = PBXResourcesBuildPhase;
			buildActionMask = 2147483647;
			files = (
			);
			runOnlyForDeploymentPostprocessing = 0;
		};
/* End PBXResourcesBuildPhase section */

/* Begin PBXShellScriptBuildPhase section */
		CBF78C8A239454B800CE7E8A /* Run SwiftLint */ = {
			isa = PBXShellScriptBuildPhase;
			buildActionMask = 2147483647;
			files = (
			);
			inputFileListPaths = (
			);
			inputPaths = (
			);
			name = "Run SwiftLint";
			outputFileListPaths = (
			);
			outputPaths = (
			);
			runOnlyForDeploymentPostprocessing = 0;
			shellPath = /bin/sh;
			shellScript = "/usr/local/bin/swiftlint --config .swiftlint.yml --strict\n";
		};
		CBF78CA2239829A700CE7E8A /* Generated AutoMockable */ = {
			isa = PBXShellScriptBuildPhase;
			buildActionMask = 2147483647;
			files = (
			);
			inputFileListPaths = (
			);
			inputPaths = (
			);
			name = "Generated AutoMockable";
			outputFileListPaths = (
			);
			outputPaths = (
				"$(SRCROOT)/EventsTests/AutoMockable.generated.swift",
			);
			runOnlyForDeploymentPostprocessing = 0;
			shellPath = /bin/sh;
			shellScript = "/usr/local/bin/sourcery\n";
		};
		CBF78CAB239834E600CE7E8A /* Prune AutoGenerated Files */ = {
			isa = PBXShellScriptBuildPhase;
			buildActionMask = 2147483647;
			files = (
			);
			inputFileListPaths = (
			);
			inputPaths = (
			);
			name = "Prune AutoGenerated Files";
			outputFileListPaths = (
			);
			outputPaths = (
			);
			runOnlyForDeploymentPostprocessing = 0;
			shellPath = /bin/sh;
			shellScript = "/usr/local/bin/sourcery --prune\n";
		};
/* End PBXShellScriptBuildPhase section */

/* Begin PBXSourcesBuildPhase section */
		CBF78C592394392000CE7E8A /* Sources */ = {
			isa = PBXSourcesBuildPhase;
			buildActionMask = 2147483647;
			files = (
				CBF78C632394392000CE7E8A /* ViewController.swift in Sources */,
				CBF78CAD2398363100CE7E8A /* Assembly.swift in Sources */,
				CBF78CA423982D2000CE7E8A /* AutoMockable.swift in Sources */,
				CBF78C612394392000CE7E8A /* AppDelegate.swift in Sources */,
			);
			runOnlyForDeploymentPostprocessing = 0;
		};
		CBF78C942395964100CE7E8A /* Sources */ = {
			isa = PBXSourcesBuildPhase;
			buildActionMask = 2147483647;
			files = (
				CBF78C9B2395964100CE7E8A /* EventsTests.swift in Sources */,
				CBF78CB823983B1A00CE7E8A /* AutoMockable.generated.swift in Sources */,
			);
			runOnlyForDeploymentPostprocessing = 0;
		};
/* End PBXSourcesBuildPhase section */

/* Begin PBXTargetDependency section */
		CBF78C9E2395964100CE7E8A /* PBXTargetDependency */ = {
			isa = PBXTargetDependency;
			target = CBF78C5C2394392000CE7E8A /* Events */;
			targetProxy = CBF78C9D2395964100CE7E8A /* PBXContainerItemProxy */;
		};
/* End PBXTargetDependency section */

/* Begin PBXVariantGroup section */
		CBF78C692394392000CE7E8A /* LaunchScreen.storyboard */ = {
			isa = PBXVariantGroup;
			children = (
				CBF78C6A2394392000CE7E8A /* Base */,
			);
			name = LaunchScreen.storyboard;
			sourceTree = "<group>";
		};
/* End PBXVariantGroup section */

/* Begin XCBuildConfiguration section */
		CBF78C6D2394392000CE7E8A /* Debug */ = {
			isa = XCBuildConfiguration;
			buildSettings = {
				ALWAYS_SEARCH_USER_PATHS = NO;
				CLANG_ANALYZER_NONNULL = YES;
				CLANG_ANALYZER_NUMBER_OBJECT_CONVERSION = YES_AGGRESSIVE;
				CLANG_CXX_LANGUAGE_STANDARD = "gnu++14";
				CLANG_CXX_LIBRARY = "libc++";
				CLANG_ENABLE_MODULES = YES;
				CLANG_ENABLE_OBJC_ARC = YES;
				CLANG_ENABLE_OBJC_WEAK = YES;
				CLANG_WARN_BLOCK_CAPTURE_AUTORELEASING = YES;
				CLANG_WARN_BOOL_CONVERSION = YES;
				CLANG_WARN_COMMA = YES;
				CLANG_WARN_CONSTANT_CONVERSION = YES;
				CLANG_WARN_DEPRECATED_OBJC_IMPLEMENTATIONS = YES;
				CLANG_WARN_DIRECT_OBJC_ISA_USAGE = YES_ERROR;
				CLANG_WARN_DOCUMENTATION_COMMENTS = YES;
				CLANG_WARN_EMPTY_BODY = YES;
				CLANG_WARN_ENUM_CONVERSION = YES;
				CLANG_WARN_INFINITE_RECURSION = YES;
				CLANG_WARN_INT_CONVERSION = YES;
				CLANG_WARN_NON_LITERAL_NULL_CONVERSION = YES;
				CLANG_WARN_OBJC_IMPLICIT_RETAIN_SELF = YES;
				CLANG_WARN_OBJC_LITERAL_CONVERSION = YES;
				CLANG_WARN_OBJC_ROOT_CLASS = YES_ERROR;
				CLANG_WARN_RANGE_LOOP_ANALYSIS = YES;
				CLANG_WARN_STRICT_PROTOTYPES = YES;
				CLANG_WARN_SUSPICIOUS_MOVE = YES;
				CLANG_WARN_UNGUARDED_AVAILABILITY = YES_AGGRESSIVE;
				CLANG_WARN_UNREACHABLE_CODE = YES;
				CLANG_WARN__DUPLICATE_METHOD_MATCH = YES;
				CODE_SIGN_IDENTITY = "iPhone Developer";
				COPY_PHASE_STRIP = NO;
				DEBUG_INFORMATION_FORMAT = dwarf;
				ENABLE_STRICT_OBJC_MSGSEND = YES;
				ENABLE_TESTABILITY = YES;
				GCC_C_LANGUAGE_STANDARD = gnu11;
				GCC_DYNAMIC_NO_PIC = NO;
				GCC_NO_COMMON_BLOCKS = YES;
				GCC_OPTIMIZATION_LEVEL = 0;
				GCC_PREPROCESSOR_DEFINITIONS = (
					"DEBUG=1",
					"$(inherited)",
				);
				GCC_WARN_64_TO_32_BIT_CONVERSION = YES;
				GCC_WARN_ABOUT_RETURN_TYPE = YES_ERROR;
				GCC_WARN_UNDECLARED_SELECTOR = YES;
				GCC_WARN_UNINITIALIZED_AUTOS = YES_AGGRESSIVE;
				GCC_WARN_UNUSED_FUNCTION = YES;
				GCC_WARN_UNUSED_VARIABLE = YES;
				IPHONEOS_DEPLOYMENT_TARGET = 12.2;
				MTL_ENABLE_DEBUG_INFO = INCLUDE_SOURCE;
				MTL_FAST_MATH = YES;
				ONLY_ACTIVE_ARCH = YES;
				SDKROOT = iphoneos;
				SWIFT_ACTIVE_COMPILATION_CONDITIONS = DEBUG;
				SWIFT_OPTIMIZATION_LEVEL = "-Onone";
			};
			name = Debug;
		};
		CBF78C6E2394392000CE7E8A /* Release */ = {
			isa = XCBuildConfiguration;
			buildSettings = {
				ALWAYS_SEARCH_USER_PATHS = NO;
				CLANG_ANALYZER_NONNULL = YES;
				CLANG_ANALYZER_NUMBER_OBJECT_CONVERSION = YES_AGGRESSIVE;
				CLANG_CXX_LANGUAGE_STANDARD = "gnu++14";
				CLANG_CXX_LIBRARY = "libc++";
				CLANG_ENABLE_MODULES = YES;
				CLANG_ENABLE_OBJC_ARC = YES;
				CLANG_ENABLE_OBJC_WEAK = YES;
				CLANG_WARN_BLOCK_CAPTURE_AUTORELEASING = YES;
				CLANG_WARN_BOOL_CONVERSION = YES;
				CLANG_WARN_COMMA = YES;
				CLANG_WARN_CONSTANT_CONVERSION = YES;
				CLANG_WARN_DEPRECATED_OBJC_IMPLEMENTATIONS = YES;
				CLANG_WARN_DIRECT_OBJC_ISA_USAGE = YES_ERROR;
				CLANG_WARN_DOCUMENTATION_COMMENTS = YES;
				CLANG_WARN_EMPTY_BODY = YES;
				CLANG_WARN_ENUM_CONVERSION = YES;
				CLANG_WARN_INFINITE_RECURSION = YES;
				CLANG_WARN_INT_CONVERSION = YES;
				CLANG_WARN_NON_LITERAL_NULL_CONVERSION = YES;
				CLANG_WARN_OBJC_IMPLICIT_RETAIN_SELF = YES;
				CLANG_WARN_OBJC_LITERAL_CONVERSION = YES;
				CLANG_WARN_OBJC_ROOT_CLASS = YES_ERROR;
				CLANG_WARN_RANGE_LOOP_ANALYSIS = YES;
				CLANG_WARN_STRICT_PROTOTYPES = YES;
				CLANG_WARN_SUSPICIOUS_MOVE = YES;
				CLANG_WARN_UNGUARDED_AVAILABILITY = YES_AGGRESSIVE;
				CLANG_WARN_UNREACHABLE_CODE = YES;
				CLANG_WARN__DUPLICATE_METHOD_MATCH = YES;
				CODE_SIGN_IDENTITY = "iPhone Developer";
				COPY_PHASE_STRIP = NO;
				DEBUG_INFORMATION_FORMAT = "dwarf-with-dsym";
				ENABLE_NS_ASSERTIONS = NO;
				ENABLE_STRICT_OBJC_MSGSEND = YES;
				GCC_C_LANGUAGE_STANDARD = gnu11;
				GCC_NO_COMMON_BLOCKS = YES;
				GCC_WARN_64_TO_32_BIT_CONVERSION = YES;
				GCC_WARN_ABOUT_RETURN_TYPE = YES_ERROR;
				GCC_WARN_UNDECLARED_SELECTOR = YES;
				GCC_WARN_UNINITIALIZED_AUTOS = YES_AGGRESSIVE;
				GCC_WARN_UNUSED_FUNCTION = YES;
				GCC_WARN_UNUSED_VARIABLE = YES;
				IPHONEOS_DEPLOYMENT_TARGET = 12.2;
				MTL_ENABLE_DEBUG_INFO = NO;
				MTL_FAST_MATH = YES;
				SDKROOT = iphoneos;
				SWIFT_COMPILATION_MODE = wholemodule;
				SWIFT_OPTIMIZATION_LEVEL = "-O";
				VALIDATE_PRODUCT = YES;
			};
			name = Release;
		};
		CBF78C702394392000CE7E8A /* Debug */ = {
			isa = XCBuildConfiguration;
			buildSettings = {
				ASSETCATALOG_COMPILER_APPICON_NAME = AppIcon;
				CODE_SIGN_STYLE = Automatic;
				DEVELOPMENT_TEAM = UPJFP8HGKX;
				FRAMEWORK_SEARCH_PATHS = (
					"$(inherited)",
					"$(PROJECT_DIR)/Carthage/Build/iOS",
				);
				INFOPLIST_FILE = Events/Info.plist;
				IPHONEOS_DEPLOYMENT_TARGET = 11.0;
				LD_RUNPATH_SEARCH_PATHS = (
					"$(inherited)",
					"@executable_path/Frameworks",
				);
				PRODUCT_BUNDLE_IDENTIFIER = phoenix.Events;
				PRODUCT_NAME = "$(TARGET_NAME)";
				SWIFT_VERSION = 5.0;
				TARGETED_DEVICE_FAMILY = "1,2";
			};
			name = Debug;
		};
		CBF78C712394392000CE7E8A /* Release */ = {
			isa = XCBuildConfiguration;
			buildSettings = {
				ASSETCATALOG_COMPILER_APPICON_NAME = AppIcon;
				CODE_SIGN_STYLE = Automatic;
				DEVELOPMENT_TEAM = UPJFP8HGKX;
				FRAMEWORK_SEARCH_PATHS = (
					"$(inherited)",
					"$(PROJECT_DIR)/Carthage/Build/iOS",
				);
				INFOPLIST_FILE = Events/Info.plist;
				IPHONEOS_DEPLOYMENT_TARGET = 11.0;
				LD_RUNPATH_SEARCH_PATHS = (
					"$(inherited)",
					"@executable_path/Frameworks",
				);
				PRODUCT_BUNDLE_IDENTIFIER = phoenix.Events;
				PRODUCT_NAME = "$(TARGET_NAME)";
				SWIFT_VERSION = 5.0;
				TARGETED_DEVICE_FAMILY = "1,2";
			};
			name = Release;
		};
		CBF78C9F2395964100CE7E8A /* Debug */ = {
			isa = XCBuildConfiguration;
			buildSettings = {
				BUNDLE_LOADER = "$(TEST_HOST)";
				CODE_SIGN_STYLE = Automatic;
				DEVELOPMENT_TEAM = UPJFP8HGKX;
				FRAMEWORK_SEARCH_PATHS = "";
				INFOPLIST_FILE = EventsTests/Info.plist;
				LD_RUNPATH_SEARCH_PATHS = (
					"$(inherited)",
					"@executable_path/Frameworks",
					"@loader_path/Frameworks",
				);
				PRODUCT_BUNDLE_IDENTIFIER = phoenix.EventsTests;
				PRODUCT_NAME = "$(TARGET_NAME)";
				SWIFT_VERSION = 5.0;
				TARGETED_DEVICE_FAMILY = "1,2";
				TEST_HOST = "$(BUILT_PRODUCTS_DIR)/Events.app/Events";
			};
			name = Debug;
		};
		CBF78CA02395964100CE7E8A /* Release */ = {
			isa = XCBuildConfiguration;
			buildSettings = {
				BUNDLE_LOADER = "$(TEST_HOST)";
				CODE_SIGN_STYLE = Automatic;
				DEVELOPMENT_TEAM = UPJFP8HGKX;
				FRAMEWORK_SEARCH_PATHS = "";
				INFOPLIST_FILE = EventsTests/Info.plist;
				LD_RUNPATH_SEARCH_PATHS = (
					"$(inherited)",
					"@executable_path/Frameworks",
					"@loader_path/Frameworks",
				);
				PRODUCT_BUNDLE_IDENTIFIER = phoenix.EventsTests;
				PRODUCT_NAME = "$(TARGET_NAME)";
				SWIFT_VERSION = 5.0;
				TARGETED_DEVICE_FAMILY = "1,2";
				TEST_HOST = "$(BUILT_PRODUCTS_DIR)/Events.app/Events";
			};
			name = Release;
		};
/* End XCBuildConfiguration section */

/* Begin XCConfigurationList section */
		CBF78C582394392000CE7E8A /* Build configuration list for PBXProject "Events" */ = {
			isa = XCConfigurationList;
			buildConfigurations = (
				CBF78C6D2394392000CE7E8A /* Debug */,
				CBF78C6E2394392000CE7E8A /* Release */,
			);
			defaultConfigurationIsVisible = 0;
			defaultConfigurationName = Release;
		};
		CBF78C6F2394392000CE7E8A /* Build configuration list for PBXNativeTarget "Events" */ = {
			isa = XCConfigurationList;
			buildConfigurations = (
				CBF78C702394392000CE7E8A /* Debug */,
				CBF78C712394392000CE7E8A /* Release */,
			);
			defaultConfigurationIsVisible = 0;
			defaultConfigurationName = Release;
		};
		CBF78CA12395964100CE7E8A /* Build configuration list for PBXNativeTarget "EventsTests" */ = {
			isa = XCConfigurationList;
			buildConfigurations = (
				CBF78C9F2395964100CE7E8A /* Debug */,
				CBF78CA02395964100CE7E8A /* Release */,
			);
			defaultConfigurationIsVisible = 0;
			defaultConfigurationName = Release;
		};
/* End XCConfigurationList section */
	};
	rootObject = CBF78C552394392000CE7E8A /* Project object */;
}
